
Microsoft Visual Studio Solution File, Format Version 12.00
# Visual Studio Version 17
VisualStudioVersion = 17.8.34309.116
MinimumVisualStudioVersion = 10.0.40219.1
Project("{FAE04EC0-301F-11D3-BF4B-00C04F79EFBC}") = "Task1", "Task1\Task1.csproj", "{8F14B7F1-B80C-4B82-839F-CFDB7FDFD956}"
EndProject
Project("{FAE04EC0-301F-11D3-BF4B-00C04F79EFBC}") = "Task2", "Task2\Task2.csproj", "{DCDD3E16-E83E-4FAA-A12D-091BB78FFEF9}"
EndProject
Project("{FAE04EC0-301F-11D3-BF4B-00C04F79EFBC}") = "Task3", "Task3\Task3.csproj", "{B4C0DAE7-42F7-4431-AFE6-5A37124336E0}"
EndProject
Project("{FAE04EC0-301F-11D3-BF4B-00C04F79EFBC}") = "Task4", "Task4\Task4.csproj", "{4A3E8410-8293-498F-9E11-2D76822CCC90}"
EndProject
Project("{FAE04EC0-301F-11D3-BF4B-00C04F79EFBC}") = "Task5", "Task5\Task5.csproj", "{7AB3380B-BED0-406A-B42F-641F5173B4BA}"
EndProject
Global
	GlobalSection(SolutionConfigurationPlatforms) = preSolution
		Debug|Any CPU = Debug|Any CPU
		Release|Any CPU = Release|Any CPU
	EndGlobalSection
	GlobalSection(ProjectConfigurationPlatforms) = postSolution
		{8F14B7F1-B80C-4B82-839F-CFDB7FDFD956}.Debug|Any CPU.ActiveCfg = Debug|Any CPU
		{8F14B7F1-B80C-4B82-839F-CFDB7FDFD956}.Debug|Any CPU.Build.0 = Debug|Any CPU
		{8F14B7F1-B80C-4B82-839F-CFDB7FDFD956}.Release|Any CPU.ActiveCfg = Release|Any CPU
		{8F14B7F1-B80C-4B82-839F-CFDB7FDFD956}.Release|Any CPU.Build.0 = Release|Any CPU
		{DCDD3E16-E83E-4FAA-A12D-091BB78FFEF9}.Debug|Any CPU.ActiveCfg = Debug|Any CPU
		{DCDD3E16-E83E-4FAA-A12D-091BB78FFEF9}.Debug|Any CPU.Build.0 = Debug|Any CPU
		{DCDD3E16-E83E-4FAA-A12D-091BB78FFEF9}.Release|Any CPU.ActiveCfg = Release|Any CPU
		{DCDD3E16-E83E-4FAA-A12D-091BB78FFEF9}.Release|Any CPU.Build.0 = Release|Any CPU
		{B4C0DAE7-42F7-4431-AFE6-5A37124336E0}.Debug|Any CPU.ActiveCfg = Debug|Any CPU
		{B4C0DAE7-42F7-4431-AFE6-5A37124336E0}.Debug|Any CPU.Build.0 = Debug|Any CPU
		{B4C0DAE7-42F7-4431-AFE6-5A37124336E0}.Release|Any CPU.ActiveCfg = Release|Any CPU
		{B4C0DAE7-42F7-4431-AFE6-5A37124336E0}.Release|Any CPU.Build.0 = Release|Any CPU
		{4A3E8410-8293-498F-9E11-2D76822CCC90}.Debug|Any CPU.ActiveCfg = Debug|Any CPU
		{4A3E8410-8293-498F-9E11-2D76822CCC90}.Debug|Any CPU.Build.0 = Debug|Any CPU
		{4A3E8410-8293-498F-9E11-2D76822CCC90}.Release|Any CPU.ActiveCfg = Release|Any CPU
		{4A3E8410-8293-498F-9E11-2D76822CCC90}.Release|Any CPU.Build.0 = Release|Any CPU
		{7AB3380B-BED0-406A-B42F-641F5173B4BA}.Debug|Any CPU.ActiveCfg = Debug|Any CPU
		{7AB3380B-BED0-406A-B42F-641F5173B4BA}.Debug|Any CPU.Build.0 = Debug|Any CPU
		{7AB3380B-BED0-406A-B42F-641F5173B4BA}.Release|Any CPU.ActiveCfg = Release|Any CPU
		{7AB3380B-BED0-406A-B42F-641F5173B4BA}.Release|Any CPU.Build.0 = Release|Any CPU
	EndGlobalSection
	GlobalSection(SolutionProperties) = preSolution
		HideSolutionNode = FALSE
	EndGlobalSection
	GlobalSection(ExtensibilityGlobals) = postSolution
		SolutionGuid = {67A9FD1B-45B8-45B2-8576-1BC0D5A67C74}
	EndGlobalSection
EndGlobal
