
Microsoft Visual Studio Solution File, Format Version 12.00
# Visual Studio Version 17
VisualStudioVersion = 17.8.34316.72
MinimumVisualStudioVersion = 10.0.40219.1
Project("{FAE04EC0-301F-11D3-BF4B-00C04F79EFBC}") = "Datebook", "Datebook\Datebook.csproj", "{B191BB8F-678E-4304-BCF0-BFFC78E2CC7D}"
EndProject
Global
	GlobalSection(SolutionConfigurationPlatforms) = preSolution
		Debug|Any CPU = Debug|Any CPU
		Release|Any CPU = Release|Any CPU
	EndGlobalSection
	GlobalSection(ProjectConfigurationPlatforms) = postSolution
		{B191BB8F-678E-4304-BCF0-BFFC78E2CC7D}.Debug|Any CPU.ActiveCfg = Debug|Any CPU
		{B191BB8F-678E-4304-BCF0-BFFC78E2CC7D}.Debug|Any CPU.Build.0 = Debug|Any CPU
		{B191BB8F-678E-4304-BCF0-BFFC78E2CC7D}.Release|Any CPU.ActiveCfg = Release|Any CPU
		{B191BB8F-678E-4304-BCF0-BFFC78E2CC7D}.Release|Any CPU.Build.0 = Release|Any CPU
	EndGlobalSection
	GlobalSection(SolutionProperties) = preSolution
		HideSolutionNode = FALSE
	EndGlobalSection
	GlobalSection(ExtensibilityGlobals) = postSolution
		SolutionGuid = {A314EC93-4BC3-44CD-AA5A-6F72813C7BA1}
	EndGlobalSection
EndGlobal
